
Microsoft Visual Studio Solution File, Format Version 12.00
# Visual Studio Version 17
VisualStudioVersion = 17.5.002.0
MinimumVisualStudioVersion = 10.0.40219.1
Project("{9A19103F-16F7-4668-BE54-9A1E7A4F7556}") = "game", "game.csproj", "{8B8772A3-C6A5-4032-92E1-DF3432C50D59}"
EndProject
Global
	GlobalSection(SolutionConfigurationPlatforms) = preSolution
		Debug|Any CPU = Debug|Any CPU
		Release|Any CPU = Release|Any CPU
	EndGlobalSection
	GlobalSection(ProjectConfigurationPlatforms) = postSolution
		{8B8772A3-C6A5-4032-92E1-DF3432C50D59}.Debug|Any CPU.ActiveCfg = Debug|Any CPU
		{8B8772A3-C6A5-4032-92E1-DF3432C50D59}.Debug|Any CPU.Build.0 = Debug|Any CPU
		{8B8772A3-C6A5-4032-92E1-DF3432C50D59}.Release|Any CPU.ActiveCfg = Release|Any CPU
		{8B8772A3-C6A5-4032-92E1-DF3432C50D59}.Release|Any CPU.Build.0 = Release|Any CPU
	EndGlobalSection
	GlobalSection(SolutionProperties) = preSolution
		HideSolutionNode = FALSE
	EndGlobalSection
	GlobalSection(ExtensibilityGlobals) = postSolution
		SolutionGuid = {BFBECD1F-C059-460E-8352-41A261F2A54C}
	EndGlobalSection
EndGlobal
